
Microsoft Visual Studio Solution File, Format Version 12.00
# Visual Studio Version 17
VisualStudioVersion = 17.5.33502.453
MinimumVisualStudioVersion = 10.0.40219.1
Project("{FAE04EC0-301F-11D3-BF4B-00C04F79EFBC}") = "Thực tập tuần 1", "Thực tập tuần 1\Thực tập tuần 1.csproj", "{1FCEA18B-1DFC-4BF7-B6E4-B5EBD9A391C3}"
EndProject
Global
	GlobalSection(SolutionConfigurationPlatforms) = preSolution
		Debug|Any CPU = Debug|Any CPU
		Release|Any CPU = Release|Any CPU
	EndGlobalSection
	GlobalSection(ProjectConfigurationPlatforms) = postSolution
		{1FCEA18B-1DFC-4BF7-B6E4-B5EBD9A391C3}.Debug|Any CPU.ActiveCfg = Debug|Any CPU
		{1FCEA18B-1DFC-4BF7-B6E4-B5EBD9A391C3}.Debug|Any CPU.Build.0 = Debug|Any CPU
		{1FCEA18B-1DFC-4BF7-B6E4-B5EBD9A391C3}.Release|Any CPU.ActiveCfg = Release|Any CPU
		{1FCEA18B-1DFC-4BF7-B6E4-B5EBD9A391C3}.Release|Any CPU.Build.0 = Release|Any CPU
	EndGlobalSection
	GlobalSection(SolutionProperties) = preSolution
		HideSolutionNode = FALSE
	EndGlobalSection
	GlobalSection(ExtensibilityGlobals) = postSolution
		SolutionGuid = {8DAADBAD-040F-4868-8A20-707D4A834F64}
	EndGlobalSection
EndGlobal
